
Microsoft Visual Studio Solution File, Format Version 12.00
# Visual Studio 2013
VisualStudioVersion = 12.0.30723.0
MinimumVisualStudioVersion = 10.0.40219.1
Project("{8BC9CEB8-8B4A-11D0-8D11-00A0C91BC942}") = "practice", "practice\practice.vcxproj", "{CDDBAEB6-96A2-4024-9342-20B6218723CF}"
EndProject
Project("{FAE04EC0-301F-11D3-BF4B-00C04F79EFBC}") = "ConsoleApplication1", "ConsoleApplication1\ConsoleApplication1.csproj", "{8DAB27C9-5338-4A82-8D40-0F091D653ED6}"
EndProject
Global
	GlobalSection(SolutionConfigurationPlatforms) = preSolution
		Debug|Any CPU = Debug|Any CPU
		Debug|Mixed Platforms = Debug|Mixed Platforms
		Debug|Win32 = Debug|Win32
		Release|Any CPU = Release|Any CPU
		Release|Mixed Platforms = Release|Mixed Platforms
		Release|Win32 = Release|Win32
	EndGlobalSection
	GlobalSection(ProjectConfigurationPlatforms) = postSolution
		{CDDBAEB6-96A2-4024-9342-20B6218723CF}.Debug|Any CPU.ActiveCfg = Debug|Win32
		{CDDBAEB6-96A2-4024-9342-20B6218723CF}.Debug|Mixed Platforms.ActiveCfg = Debug|Win32
		{CDDBAEB6-96A2-4024-9342-20B6218723CF}.Debug|Mixed Platforms.Build.0 = Debug|Win32
		{CDDBAEB6-96A2-4024-9342-20B6218723CF}.Debug|Win32.ActiveCfg = Debug|Win32
		{CDDBAEB6-96A2-4024-9342-20B6218723CF}.Debug|Win32.Build.0 = Debug|Win32
		{CDDBAEB6-96A2-4024-9342-20B6218723CF}.Release|Any CPU.ActiveCfg = Release|Win32
		{CDDBAEB6-96A2-4024-9342-20B6218723CF}.Release|Mixed Platforms.ActiveCfg = Release|Win32
		{CDDBAEB6-96A2-4024-9342-20B6218723CF}.Release|Mixed Platforms.Build.0 = Release|Win32
		{CDDBAEB6-96A2-4024-9342-20B6218723CF}.Release|Win32.ActiveCfg = Release|Win32
		{CDDBAEB6-96A2-4024-9342-20B6218723CF}.Release|Win32.Build.0 = Release|Win32
		{8DAB27C9-5338-4A82-8D40-0F091D653ED6}.Debug|Any CPU.ActiveCfg = Debug|Any CPU
		{8DAB27C9-5338-4A82-8D40-0F091D653ED6}.Debug|Any CPU.Build.0 = Debug|Any CPU
		{8DAB27C9-5338-4A82-8D40-0F091D653ED6}.Debug|Mixed Platforms.ActiveCfg = Debug|Any CPU
		{8DAB27C9-5338-4A82-8D40-0F091D653ED6}.Debug|Mixed Platforms.Build.0 = Debug|Any CPU
		{8DAB27C9-5338-4A82-8D40-0F091D653ED6}.Debug|Win32.ActiveCfg = Debug|Any CPU
		{8DAB27C9-5338-4A82-8D40-0F091D653ED6}.Release|Any CPU.ActiveCfg = Release|Any CPU
		{8DAB27C9-5338-4A82-8D40-0F091D653ED6}.Release|Any CPU.Build.0 = Release|Any CPU
		{8DAB27C9-5338-4A82-8D40-0F091D653ED6}.Release|Mixed Platforms.ActiveCfg = Release|Any CPU
		{8DAB27C9-5338-4A82-8D40-0F091D653ED6}.Release|Mixed Platforms.Build.0 = Release|Any CPU
		{8DAB27C9-5338-4A82-8D40-0F091D653ED6}.Release|Win32.ActiveCfg = Release|Any CPU
	EndGlobalSection
	GlobalSection(SolutionProperties) = preSolution
		HideSolutionNode = FALSE
	EndGlobalSection
EndGlobal
